
Microsoft Visual Studio Solution File, Format Version 12.00
# Visual Studio Version 16
VisualStudioVersion = 16.0.31402.337
MinimumVisualStudioVersion = 10.0.40219.1
Project("{FAE04EC0-301F-11D3-BF4B-00C04F79EFBC}") = "KomodoInsuranceApp", "KomodoInsuranceApp\KomodoInsuranceApp.csproj", "{02995E93-4EA2-45D1-A469-66824EFF8F76}"
EndProject
Project("{FAE04EC0-301F-11D3-BF4B-00C04F79EFBC}") = "KomodoInsurance.Library", "KomodoInsurance.Library\KomodoInsurance.Library.csproj", "{A6BB176E-AFC6-45C1-A269-0524A34D5D1C}"
EndProject
Global
	GlobalSection(SolutionConfigurationPlatforms) = preSolution
		Debug|Any CPU = Debug|Any CPU
		Release|Any CPU = Release|Any CPU
	EndGlobalSection
	GlobalSection(ProjectConfigurationPlatforms) = postSolution
		{02995E93-4EA2-45D1-A469-66824EFF8F76}.Debug|Any CPU.ActiveCfg = Debug|Any CPU
		{02995E93-4EA2-45D1-A469-66824EFF8F76}.Debug|Any CPU.Build.0 = Debug|Any CPU
		{02995E93-4EA2-45D1-A469-66824EFF8F76}.Release|Any CPU.ActiveCfg = Release|Any CPU
		{02995E93-4EA2-45D1-A469-66824EFF8F76}.Release|Any CPU.Build.0 = Release|Any CPU
		{A6BB176E-AFC6-45C1-A269-0524A34D5D1C}.Debug|Any CPU.ActiveCfg = Debug|Any CPU
		{A6BB176E-AFC6-45C1-A269-0524A34D5D1C}.Debug|Any CPU.Build.0 = Debug|Any CPU
		{A6BB176E-AFC6-45C1-A269-0524A34D5D1C}.Release|Any CPU.ActiveCfg = Release|Any CPU
		{A6BB176E-AFC6-45C1-A269-0524A34D5D1C}.Release|Any CPU.Build.0 = Release|Any CPU
	EndGlobalSection
	GlobalSection(SolutionProperties) = preSolution
		HideSolutionNode = FALSE
	EndGlobalSection
	GlobalSection(ExtensibilityGlobals) = postSolution
		SolutionGuid = {D430A3A6-0BA6-4E8A-AFB8-2F58E66EB6F9}
	EndGlobalSection
EndGlobal
